<?xml version="1.0" encoding="utf-8"?>
<Project ToolsVersion="4.0" xmlns="http://schemas.microsoft.com/developer/msbuild/2003">
  <ItemGroup>
    <Filter Include="Source Files">
      <UniqueIdentifier>{4FC737F1-C7A5-4376-A066-2A32D752A2FF}</UniqueIdentifier>
      <Extensions>cpp;c;cc;cxx;c++;cppm;ixx;def;odl;idl;hpj;bat;asm;asmx</Extensions>
    </Filter>
    <Filter Include="Header Files">
      <UniqueIdentifier>{93995380-89BD-4b04-88EB-625FBE52EBFB}</UniqueIdentifier>
      <Extensions>h;hh;hpp;hxx;h++;hm;inl;inc;ipp;xsd</Extensions>
    </Filter>
    <Filter Include="Resource Files">
      <UniqueIdentifier>{67DA6AB6-F800-4c08-8B7A-83BB121AAD01}</UniqueIdentifier>
      <Extensions>rc;ico;cur;bmp;dlg;rc2;rct;bin;rgs;gif;jpg;jpeg;jpe;resx;tiff;tif;png;wav;mfcribbon-ms</Extensions>
    </Filter>
    <Filter Include="GUI">
      <UniqueIdentifier>{4d76ed60-0c1e-4456-b9a1-fea338839598}</UniqueIdentifier>
    </Filter>
    <Filter Include="GUI\ImGui">
      <UniqueIdentifier>{7ceacb84-f533-4a58-8e9c-206f1b3c51d6}</UniqueIdentifier>
    </Filter>
    <Filter Include="GUI\ImGui\Impl">
      <UniqueIdentifier>{d59bfa79-b9ad-419e-9941-b81afa962350}</UniqueIdentifier>
    </Filter>
    <Filter Include="Third-Party">
      <UniqueIdentifier>{02f914b2-566f-460a-a8a5-8d9c62357d8e}</UniqueIdentifier>
    </Filter>
    <Filter Include="GUI\Views">
      <UniqueIdentifier>{8c1d0f33-1882-48c3-a611-93049419e499}</UniqueIdentifier>
    </Filter>
    <Filter Include="GUI\Widgets">
      <UniqueIdentifier>{db139f84-2800-4eb3-896e-17fefcaeaa59}</UniqueIdentifier>
    </Filter>
    <Filter Include="Engine">
      <UniqueIdentifier>{5fce8086-681b-4fc9-a967-d222f16b588a}</UniqueIdentifier>
    </Filter>
    <Filter Include="Engine\Memory">
      <UniqueIdentifier>{975143df-4b5a-41fb-a29d-e496f4fbff95}</UniqueIdentifier>
    </Filter>
    <Filter Include="GUI\ImGui\misc">
      <UniqueIdentifier>{26c2b556-a133-4fdb-859a-237eb43e2a7f}</UniqueIdentifier>
    </Filter>
    <Filter Include="Header Resources">
      <UniqueIdentifier>{352e2c7b-ca3e-43d1-91dd-5e5b2029106b}</UniqueIdentifier>
    </Filter>
    <Filter Include="Engine\Disassembler">
      <UniqueIdentifier>{d7f0ad9f-cb2e-447b-8cec-11d3858b0993}</UniqueIdentifier>
    </Filter>
    <Filter Include="Engine\Symbol">
      <UniqueIdentifier>{4f696f9a-80cf-44c9-a5d0-4711988eb290}</UniqueIdentifier>
    </Filter>
    <Filter Include="GUI\ImGui\custom">
      <UniqueIdentifier>{e43e66ce-4e54-45c5-b4c3-ad8208c2d78e}</UniqueIdentifier>
    </Filter>
    <Filter Include="Engine\Analyzer">
      <UniqueIdentifier>{19038aef-5df2-4c95-850a-9730fbf0d6fd}</UniqueIdentifier>
    </Filter>
    <Filter Include="Common">
      <UniqueIdentifier>{6eaf9a60-14c6-4ded-a6d3-06c137d0d851}</UniqueIdentifier>
    </Filter>
    <Filter Include="Engine\Decompiler">
      <UniqueIdentifier>{6097d97c-37b4-41f6-bbd5-3d7b5cd1bdea}</UniqueIdentifier>
    </Filter>
    <Filter Include="Engine\Symbol\Demangler">
      <UniqueIdentifier>{830130bf-8c4b-4c95-9f49-4bf9ae2b88ef}</UniqueIdentifier>
    </Filter>
  </ItemGroup>
  <ItemGroup>
    <ClCompile Include="Tokio.cpp">
      <Filter>Source Files</Filter>
    </ClCompile>
    <ClCompile Include="GUI\ImGui\imgui_widgets.cpp">
      <Filter>GUI\ImGui</Filter>
    </ClCompile>
    <ClCompile Include="GUI\ImGui\imgui.cpp">
      <Filter>GUI\ImGui</Filter>
    </ClCompile>
    <ClCompile Include="GUI\ImGui\imgui_draw.cpp">
      <Filter>GUI\ImGui</Filter>
    </ClCompile>
    <ClCompile Include="GUI\ImGui\imgui_tables.cpp">
      <Filter>GUI\ImGui</Filter>
    </ClCompile>
    <ClCompile Include="GUI\ImGui\Impl\imgui_impl_win32.cpp">
      <Filter>GUI\ImGui\Impl</Filter>
    </ClCompile>
    <ClCompile Include="GUI\ImGui\Impl\imgui_impl_dx11.cpp">
      <Filter>GUI\ImGui\Impl</Filter>
    </ClCompile>
    <ClCompile Include="GUI\MainView.cpp">
      <Filter>GUI</Filter>
    </ClCompile>
    <ClCompile Include="MainApplication.cpp">
      <Filter>Source Files</Filter>
    </ClCompile>
    <ClCompile Include="Engine\Engine.cpp">
      <Filter>Engine</Filter>
    </ClCompile>
    <ClCompile Include="GUI\ImGui\misc\imgui_freetype.cpp">
      <Filter>GUI\ImGui\misc</Filter>
    </ClCompile>
    <ClCompile Include="Engine\Disassembler\ZydisDisassembler.cpp">
      <Filter>Engine\Disassembler</Filter>
    </ClCompile>
    <ClCompile Include="GUI\Views\ViewSymbolList.cpp">
      <Filter>GUI\Views</Filter>
    </ClCompile>
    <ClCompile Include="GUI\Views\ViewAttachProc.cpp">
      <Filter>GUI\Views</Filter>
    </ClCompile>
    <ClCompile Include="GUI\Widgets\WTable.cpp">
      <Filter>GUI\Widgets</Filter>
    </ClCompile>
    <ClCompile Include="GUI\Widgets\WPopup.cpp">
      <Filter>GUI\Widgets</Filter>
    </ClCompile>
    <ClCompile Include="GUI\Widgets\WTextInput.cpp">
      <Filter>GUI\Widgets</Filter>
    </ClCompile>
    <ClCompile Include="GUI\Views\ViewMemoryScan.cpp">
      <Filter>GUI\Views</Filter>
    </ClCompile>
    <ClCompile Include="GUI\Views\ViewWatchList.cpp">
      <Filter>GUI\Views</Filter>
    </ClCompile>
    <ClCompile Include="GUI\Views\ViewDisassembler.cpp">
      <Filter>GUI\Views</Filter>
    </ClCompile>
    <ClCompile Include="Engine\Symbol\Win32Symbol.cpp">
      <Filter>Engine\Symbol</Filter>
    </ClCompile>
    <ClCompile Include="GUI\Views\ViewSettings.cpp">
      <Filter>GUI\Views</Filter>
    </ClCompile>
    <ClCompile Include="Engine\Memory\BaseMemory.cpp">
      <Filter>Engine\Memory</Filter>
    </ClCompile>
    <ClCompile Include="Engine\Memory\Win32Memory.cpp">
      <Filter>Engine\Memory</Filter>
    </ClCompile>
    <ClCompile Include="Engine\Symbol\BaseSymbol.cpp">
      <Filter>Engine\Symbol</Filter>
    </ClCompile>
    <ClCompile Include="Engine\Disassembler\BaseDisassembler.cpp">
      <Filter>Engine\Disassembler</Filter>
    </ClCompile>
    <ClCompile Include="GUI\ShortcutKey.cpp">
      <Filter>GUI</Filter>
    </ClCompile>
    <ClCompile Include="Settings.cpp">
      <Filter>Source Files</Filter>
    </ClCompile>
    <ClCompile Include="GUI\ImGui\custom\TokenizedText.cpp">
      <Filter>GUI\ImGui\custom</Filter>
    </ClCompile>
    <ClCompile Include="Engine\Analyzer\BaseAnalyzer.cpp">
      <Filter>Engine\Analyzer</Filter>
    </ClCompile>
    <ClCompile Include="Engine\Analyzer\TokioAnalyzer.cpp">
      <Filter>Engine\Analyzer</Filter>
    </ClCompile>
    <ClCompile Include="GUI\Views\DisassemblerGraph.cpp">
      <Filter>GUI\Views</Filter>
    </ClCompile>
    <ClCompile Include="Common\Exception.cpp">
      <Filter>Common</Filter>
    </ClCompile>
    <ClCompile Include="Common\StringHelper.cpp">
      <Filter>Common</Filter>
    </ClCompile>
    <ClCompile Include="Common\PathHelper.cpp">
      <Filter>Common</Filter>
    </ClCompile>
    <ClCompile Include="Common\SystemHelper.cpp">
      <Filter>Common</Filter>
    </ClCompile>
    <ClCompile Include="Engine\Decompiler\BaseDecompiler.cpp">
      <Filter>Engine\Decompiler</Filter>
    </ClCompile>
    <ClCompile Include="Engine\Decompiler\SnowmanDecompiler.cpp">
      <Filter>Engine\Decompiler</Filter>
    </ClCompile>
    <ClCompile Include="GUI\Widgets\WTextEditor.cpp">
      <Filter>GUI\Widgets</Filter>
    </ClCompile>
    <ClCompile Include="GUI\Views\ViewDecompiler.cpp">
      <Filter>GUI\Views</Filter>
    </ClCompile>
    <ClCompile Include="Engine\Symbol\Demangler\DemanglerMSVC.cpp">
      <Filter>Engine\Symbol\Demangler</Filter>
    </ClCompile>
    <ClCompile Include="Engine\Symbol\Demangler\undname.c">
      <Filter>Engine\Symbol\Demangler</Filter>
    </ClCompile>
  </ItemGroup>
  <ItemGroup>
    <ClInclude Include="stdafx.h">
      <Filter>Header Files</Filter>
    </ClInclude>
    <ClInclude Include="Settings.h">
      <Filter>Header Files</Filter>
    </ClInclude>
    <ClInclude Include="Serialize.hpp">
      <Filter>Header Files</Filter>
    </ClInclude>
    <ClInclude Include="GUI\Views\ViewAttachProc.h">
      <Filter>GUI\Views</Filter>
    </ClInclude>
    <ClInclude Include="GUI\Views\ViewMemoryScan.h">
      <Filter>GUI\Views</Filter>
    </ClInclude>
    <ClInclude Include="GUI\Views\ViewWatchList.h">
      <Filter>GUI\Views</Filter>
    </ClInclude>
    <ClInclude Include="GUI\Views\BaseView.hpp">
      <Filter>GUI\Views</Filter>
    </ClInclude>
    <ClInclude Include="GUI\ImGui\imstb_rectpack.h">
      <Filter>GUI\ImGui</Filter>
    </ClInclude>
    <ClInclude Include="GUI\ImGui\imstb_textedit.h">
      <Filter>GUI\ImGui</Filter>
    </ClInclude>
    <ClInclude Include="GUI\ImGui\imconfig.h">
      <Filter>GUI\ImGui</Filter>
    </ClInclude>
    <ClInclude Include="GUI\ImGui\imgui.h">
      <Filter>GUI\ImGui</Filter>
    </ClInclude>
    <ClInclude Include="GUI\ImGui\imgui_internal.h">
      <Filter>GUI\ImGui</Filter>
    </ClInclude>
    <ClInclude Include="GUI\ImGui\Impl\imgui_impl_dx11.h">
      <Filter>GUI\ImGui\Impl</Filter>
    </ClInclude>
    <ClInclude Include="GUI\ImGui\Impl\imgui_impl_win32.h">
      <Filter>GUI\ImGui\Impl</Filter>
    </ClInclude>
    <ClInclude Include="GUI\MainView.h">
      <Filter>GUI</Filter>
    </ClInclude>
    <ClInclude Include="GUI\Widgets\WTable.h">
      <Filter>GUI\Widgets</Filter>
    </ClInclude>
    <ClInclude Include="GUI\Widgets\WTextInput.h">
      <Filter>GUI\Widgets</Filter>
    </ClInclude>
    <ClInclude Include="GUI\Widgets\WPopup.h">
      <Filter>GUI\Widgets</Filter>
    </ClInclude>
    <ClInclude Include="Engine\Engine.h">
      <Filter>Engine</Filter>
    </ClInclude>
    <ClInclude Include="MainApplication.h">
      <Filter>Header Files</Filter>
    </ClInclude>
    <ClInclude Include="Engine\Memory\BaseMemory.h">
      <Filter>Engine\Memory</Filter>
    </ClInclude>
    <ClInclude Include="Engine\Memory\Win32Memory.hpp">
      <Filter>Engine\Memory</Filter>
    </ClInclude>
    <ClInclude Include="GUI\ImGui\misc\imgui_freetype.h">
      <Filter>GUI\ImGui\misc</Filter>
    </ClInclude>
    <ClInclude Include="Resources\FontAwesome.h">
      <Filter>Header Resources</Filter>
    </ClInclude>
    <ClInclude Include="Resources\FontAwesomeImpl.h">
      <Filter>Header Resources</Filter>
    </ClInclude>
    <ClInclude Include="GUI\Views\ViewSymbolList.h">
      <Filter>GUI\Views</Filter>
    </ClInclude>
    <ClInclude Include="Engine\EngineDef.h">
      <Filter>Engine</Filter>
    </ClInclude>
    <ClInclude Include="GUI\Widgets\WTreeTable.hpp">
      <Filter>GUI\Widgets</Filter>
    </ClInclude>
    <ClInclude Include="GUI\Widgets\Widgets.hpp">
      <Filter>GUI\Widgets</Filter>
    </ClInclude>
    <ClInclude Include="Engine\Disassembler\BaseDisassembler.h">
      <Filter>Engine\Disassembler</Filter>
    </ClInclude>
    <ClInclude Include="Engine\Disassembler\ZydisDisassembler.h">
      <Filter>Engine\Disassembler</Filter>
    </ClInclude>
    <ClInclude Include="GUI\Views\ViewDisassembler.h">
      <Filter>GUI\Views</Filter>
    </ClInclude>
    <ClInclude Include="imgui.hpp">
      <Filter>Header Files</Filter>
    </ClInclude>
    <ClInclude Include="GUI\Widgets\WidgetsFlags.hpp">
      <Filter>GUI\Widgets</Filter>
    </ClInclude>
    <ClInclude Include="Engine\Symbol\BaseSymbol.h">
      <Filter>Engine\Symbol</Filter>
    </ClInclude>
    <ClInclude Include="Engine\Symbol\Win32Symbol.h">
      <Filter>Engine\Symbol</Filter>
    </ClInclude>
    <ClInclude Include="GUI\Views\ViewSettings.h">
      <Filter>GUI\Views</Filter>
    </ClInclude>
    <ClInclude Include="GUI\ShortcutKey.h">
      <Filter>GUI</Filter>
    </ClInclude>
    <ClInclude Include="GUI\ImGui\custom\TokenizedText.h">
      <Filter>GUI\ImGui\custom</Filter>
    </ClInclude>
    <ClInclude Include="Engine\Analyzer\BaseAnalyzer.h">
      <Filter>Engine\Analyzer</Filter>
    </ClInclude>
    <ClInclude Include="Engine\Analyzer\TokioAnalyzer.h">
      <Filter>Engine\Analyzer</Filter>
    </ClInclude>
    <ClInclude Include="Engine\EngineAnalyzerDef.h">
      <Filter>Engine</Filter>
    </ClInclude>
    <ClInclude Include="GUI\Views\DisassemblerGraph.h">
      <Filter>GUI\Views</Filter>
    </ClInclude>
    <ClInclude Include="Common\Exception.h">
      <Filter>Common</Filter>
    </ClInclude>
    <ClInclude Include="Common\StringHelper.h">
      <Filter>Common</Filter>
    </ClInclude>
    <ClInclude Include="Common\PathHelper.h">
      <Filter>Common</Filter>
    </ClInclude>
    <ClInclude Include="Common\SystemHelper.h">
      <Filter>Common</Filter>
    </ClInclude>
    <ClInclude Include="Common\TypeDef.h">
      <Filter>Common</Filter>
    </ClInclude>
    <ClInclude Include="Engine\Decompiler\BaseDecompiler.h">
      <Filter>Engine\Decompiler</Filter>
    </ClInclude>
    <ClInclude Include="Engine\Decompiler\SnowmanDecompiler.h">
      <Filter>Engine\Decompiler</Filter>
    </ClInclude>
    <ClInclude Include="GUI\Widgets\WTextEditor.h">
      <Filter>GUI\Widgets</Filter>
    </ClInclude>
    <ClInclude Include="GUI\Views\ViewDecompiler.h">
      <Filter>GUI\Views</Filter>
    </ClInclude>
    <ClInclude Include="Engine\Symbol\Demangler\DemanglerMSVC.h">
      <Filter>Engine\Symbol\Demangler</Filter>
    </ClInclude>
    <ClInclude Include="Engine\Symbol\Demangler\undname.h">
      <Filter>Engine\Symbol\Demangler</Filter>
    </ClInclude>
  </ItemGroup>
  <ItemGroup>
    <Text Include="GUI\ImGui\Notice.md">
      <Filter>GUI\ImGui</Filter>
    </Text>
  </ItemGroup>
  <ItemGroup>
    <None Include="..\README.md">
      <Filter>Resource Files</Filter>
    </None>
  </ItemGroup>
</Project>