<?xml version="1.0" encoding="utf-8"?>
<Project ToolsVersion="4.0" xmlns="http://schemas.microsoft.com/developer/msbuild/2003">
  <ItemGroup>
    <Filter Include="Source Files">
      <UniqueIdentifier>{4FC737F1-C7A5-4376-A066-2A32D752A2FF}</UniqueIdentifier>
      <Extensions>cpp;c;cc;cxx;c++;cppm;ixx;def;odl;idl;hpj;bat;asm;asmx</Extensions>
    </Filter>
    <Filter Include="Header Files">
      <UniqueIdentifier>{93995380-89BD-4b04-88EB-625FBE52EBFB}</UniqueIdentifier>
      <Extensions>h;hh;hpp;hxx;h++;hm;inl;inc;ipp;xsd</Extensions>
    </Filter>
    <Filter Include="Resource Files">
      <UniqueIdentifier>{67DA6AB6-F800-4c08-8B7A-83BB121AAD01}</UniqueIdentifier>
      <Extensions>rc;ico;cur;bmp;dlg;rc2;rct;bin;rgs;gif;jpg;jpeg;jpe;resx;tiff;tif;png;wav;mfcribbon-ms</Extensions>
    </Filter>
    <Filter Include="GUI">
      <UniqueIdentifier>{4d76ed60-0c1e-4456-b9a1-fea338839598}</UniqueIdentifier>
    </Filter>
    <Filter Include="GUI\ImGui">
      <UniqueIdentifier>{7ceacb84-f533-4a58-8e9c-206f1b3c51d6}</UniqueIdentifier>
    </Filter>
    <Filter Include="GUI\ImGui\Impl">
      <UniqueIdentifier>{d59bfa79-b9ad-419e-9941-b81afa962350}</UniqueIdentifier>
    </Filter>
    <Filter Include="Third-Party">
      <UniqueIdentifier>{02f914b2-566f-460a-a8a5-8d9c62357d8e}</UniqueIdentifier>
    </Filter>
    <Filter Include="GUI\Views">
      <UniqueIdentifier>{8c1d0f33-1882-48c3-a611-93049419e499}</UniqueIdentifier>
    </Filter>
    <Filter Include="GUI\Widgets">
      <UniqueIdentifier>{db139f84-2800-4eb3-896e-17fefcaeaa59}</UniqueIdentifier>
    </Filter>
    <Filter Include="Engine">
      <UniqueIdentifier>{5fce8086-681b-4fc9-a967-d222f16b588a}</UniqueIdentifier>
    </Filter>
    <Filter Include="Engine\Memory">
      <UniqueIdentifier>{975143df-4b5a-41fb-a29d-e496f4fbff95}</UniqueIdentifier>
    </Filter>
    <Filter Include="GUI\ImGui\misc">
      <UniqueIdentifier>{26c2b556-a133-4fdb-859a-237eb43e2a7f}</UniqueIdentifier>
    </Filter>
    <Filter Include="Header Resources">
      <UniqueIdentifier>{352e2c7b-ca3e-43d1-91dd-5e5b2029106b}</UniqueIdentifier>
    </Filter>
    <Filter Include="Engine\PEInfo">
      <UniqueIdentifier>{5f7135ba-4299-402e-86b5-67bee452819f}</UniqueIdentifier>
    </Filter>
  </ItemGroup>
  <ItemGroup>
    <ClCompile Include="Tokio.cpp">
      <Filter>Source Files</Filter>
    </ClCompile>
    <ClCompile Include="GUI\ImGui\imgui_widgets.cpp">
      <Filter>GUI\ImGui</Filter>
    </ClCompile>
    <ClCompile Include="GUI\ImGui\imgui.cpp">
      <Filter>GUI\ImGui</Filter>
    </ClCompile>
    <ClCompile Include="GUI\ImGui\imgui_draw.cpp">
      <Filter>GUI\ImGui</Filter>
    </ClCompile>
    <ClCompile Include="GUI\ImGui\imgui_tables.cpp">
      <Filter>GUI\ImGui</Filter>
    </ClCompile>
    <ClCompile Include="GUI\ImGui\Impl\imgui_impl_win32.cpp">
      <Filter>GUI\ImGui\Impl</Filter>
    </ClCompile>
    <ClCompile Include="GUI\ImGui\Impl\imgui_impl_dx11.cpp">
      <Filter>GUI\ImGui\Impl</Filter>
    </ClCompile>
    <ClCompile Include="GUI\MainView.cpp">
      <Filter>GUI</Filter>
    </ClCompile>
    <ClCompile Include="MainApplication.cpp">
      <Filter>Source Files</Filter>
    </ClCompile>
    <ClCompile Include="Engine\Engine.cpp">
      <Filter>Engine</Filter>
    </ClCompile>
    <ClCompile Include="GUI\ImGui\misc\imgui_freetype.cpp">
      <Filter>GUI\ImGui\misc</Filter>
    </ClCompile>
    <ClCompile Include="common_helper.cpp">
      <Filter>Source Files</Filter>
    </ClCompile>
  </ItemGroup>
  <ItemGroup>
    <ClInclude Include="ThirdParty\Result.hpp">
      <Filter>Third-Party</Filter>
    </ClInclude>
    <ClInclude Include="stdafx.h">
      <Filter>Header Files</Filter>
    </ClInclude>
    <ClInclude Include="common_err.hpp">
      <Filter>Header Files</Filter>
    </ClInclude>
    <ClInclude Include="Settings.hpp">
      <Filter>Header Files</Filter>
    </ClInclude>
    <ClInclude Include="Serialize.hpp">
      <Filter>Header Files</Filter>
    </ClInclude>
    <ClInclude Include="GUI\Views\ViewAttachProc.hpp">
      <Filter>GUI\Views</Filter>
    </ClInclude>
    <ClInclude Include="GUI\Views\ViewScanner.hpp">
      <Filter>GUI\Views</Filter>
    </ClInclude>
    <ClInclude Include="GUI\Views\ViewWatchList.hpp">
      <Filter>GUI\Views</Filter>
    </ClInclude>
    <ClInclude Include="GUI\Views\BaseView.hpp">
      <Filter>GUI\Views</Filter>
    </ClInclude>
    <ClInclude Include="GUI\ImGui\imstb_rectpack.h">
      <Filter>GUI\ImGui</Filter>
    </ClInclude>
    <ClInclude Include="GUI\ImGui\imstb_textedit.h">
      <Filter>GUI\ImGui</Filter>
    </ClInclude>
    <ClInclude Include="GUI\ImGui\imconfig.h">
      <Filter>GUI\ImGui</Filter>
    </ClInclude>
    <ClInclude Include="GUI\ImGui\imgui.h">
      <Filter>GUI\ImGui</Filter>
    </ClInclude>
    <ClInclude Include="GUI\ImGui\imgui_internal.h">
      <Filter>GUI\ImGui</Filter>
    </ClInclude>
    <ClInclude Include="GUI\ImGui\Impl\imgui_impl_dx11.h">
      <Filter>GUI\ImGui\Impl</Filter>
    </ClInclude>
    <ClInclude Include="GUI\ImGui\Impl\imgui_impl_win32.h">
      <Filter>GUI\ImGui\Impl</Filter>
    </ClInclude>
    <ClInclude Include="GUI\MainView.h">
      <Filter>GUI</Filter>
    </ClInclude>
    <ClInclude Include="GUI\Widgets\WTable.hpp">
      <Filter>GUI\Widgets</Filter>
    </ClInclude>
    <ClInclude Include="GUI\Themes.hpp">
      <Filter>GUI</Filter>
    </ClInclude>
    <ClInclude Include="common_helper.h">
      <Filter>Header Files</Filter>
    </ClInclude>
    <ClInclude Include="GUI\Widgets\WTextInput.hpp">
      <Filter>GUI\Widgets</Filter>
    </ClInclude>
    <ClInclude Include="GUI\Widgets\WPopup.hpp">
      <Filter>GUI\Widgets</Filter>
    </ClInclude>
    <ClInclude Include="Engine\Engine.h">
      <Filter>Engine</Filter>
    </ClInclude>
    <ClInclude Include="MainApplication.h">
      <Filter>Header Files</Filter>
    </ClInclude>
    <ClInclude Include="Engine\Memory\BaseMemory.hpp">
      <Filter>Engine\Memory</Filter>
    </ClInclude>
    <ClInclude Include="Engine\Memory\Win32Memory.hpp">
      <Filter>Engine\Memory</Filter>
    </ClInclude>
    <ClInclude Include="GUI\ImGui\misc\imgui_freetype.h">
      <Filter>GUI\ImGui\misc</Filter>
    </ClInclude>
    <ClInclude Include="Resources\FontAwesome.h">
      <Filter>Header Resources</Filter>
    </ClInclude>
    <ClInclude Include="Resources\FontAwesomeImpl.h">
      <Filter>Header Resources</Filter>
    </ClInclude>
    <ClInclude Include="GUI\Views\ViewModules.hpp">
      <Filter>GUI\Views</Filter>
    </ClInclude>
    <ClInclude Include="Engine\PEInfo\PEParser.hpp">
      <Filter>Engine\PEInfo</Filter>
    </ClInclude>
    <ClInclude Include="Engine\EngineDef.hpp">
      <Filter>Engine</Filter>
    </ClInclude>
  </ItemGroup>
</Project>