<?xml version="1.0" encoding="utf-8"?>
<Project ToolsVersion="4.0" xmlns="http://schemas.microsoft.com/developer/msbuild/2003">
  <ItemGroup>
    <Filter Include="Source Files">
      <UniqueIdentifier>{4FC737F1-C7A5-4376-A066-2A32D752A2FF}</UniqueIdentifier>
      <Extensions>cpp;c;cc;cxx;c++;cppm;ixx;def;odl;idl;hpj;bat;asm;asmx</Extensions>
    </Filter>
    <Filter Include="Header Files">
      <UniqueIdentifier>{93995380-89BD-4b04-88EB-625FBE52EBFB}</UniqueIdentifier>
      <Extensions>h;hh;hpp;hxx;h++;hm;inl;inc;ipp;xsd</Extensions>
    </Filter>
    <Filter Include="Resource Files">
      <UniqueIdentifier>{67DA6AB6-F800-4c08-8B7A-83BB121AAD01}</UniqueIdentifier>
      <Extensions>rc;ico;cur;bmp;dlg;rc2;rct;bin;rgs;gif;jpg;jpeg;jpe;resx;tiff;tif;png;wav;mfcribbon-ms</Extensions>
    </Filter>
    <Filter Include="Common">
      <UniqueIdentifier>{be00f8e0-f6d8-4e09-8f49-b1f6b9c63356}</UniqueIdentifier>
    </Filter>
    <Filter Include="Engine">
      <UniqueIdentifier>{1a139b9b-7318-4722-91d4-f6a18cee849e}</UniqueIdentifier>
    </Filter>
    <Filter Include="Engine\Plugins">
      <UniqueIdentifier>{d7f05f7d-1269-4dba-8020-5430f5ece882}</UniqueIdentifier>
    </Filter>
    <Filter Include="Engine\Decompiler">
      <UniqueIdentifier>{3f710bb9-e4e8-4185-a882-73a120485682}</UniqueIdentifier>
    </Filter>
  </ItemGroup>
  <ItemGroup>
    <ClInclude Include="..\..\Tokio\Common\Exception.h">
      <Filter>Common</Filter>
    </ClInclude>
    <ClInclude Include="..\..\Tokio\Engine\EngineDef.h">
      <Filter>Engine</Filter>
    </ClInclude>
    <ClInclude Include="..\..\Tokio\Engine\Plugins\PluginsDef.h">
      <Filter>Engine\Plugins</Filter>
    </ClInclude>
    <ClInclude Include="..\..\Tokio\Common\TypeDef.h">
      <Filter>Common</Filter>
    </ClInclude>
    <ClInclude Include="SnowmanPlugin.h">
      <Filter>Header Files</Filter>
    </ClInclude>
    <ClInclude Include="SnowmanDecompiler.h">
      <Filter>Header Files</Filter>
    </ClInclude>
    <ClInclude Include="..\..\Tokio\Engine\Decompiler\BaseDecompiler.h">
      <Filter>Engine\Decompiler</Filter>
    </ClInclude>
    <ClInclude Include="..\..\Tokio\stdafx.h">
      <Filter>Header Files</Filter>
    </ClInclude>
  </ItemGroup>
  <ItemGroup>
    <ClCompile Include="dllmain.cpp">
      <Filter>Source Files</Filter>
    </ClCompile>
    <ClCompile Include="..\..\Tokio\Common\Exception.cpp">
      <Filter>Common</Filter>
    </ClCompile>
    <ClCompile Include="SnowmanPlugin.cpp">
      <Filter>Source Files</Filter>
    </ClCompile>
    <ClCompile Include="SnowmanDecompiler.cpp">
      <Filter>Source Files</Filter>
    </ClCompile>
    <ClCompile Include="..\..\Tokio\Engine\Decompiler\BaseDecompiler.cpp">
      <Filter>Engine\Decompiler</Filter>
    </ClCompile>
  </ItemGroup>
</Project>